{
  "name": "barba-test",
  "lockfileVersion": 3,
  "requires": true,
  "packages": {
    "": {
      "dependencies": {
        "@barba/core": "^2.10.3",
        "gsap": "^3.12.5"
      }
    },
    "node_modules/@barba/core": {
      "version": "2.10.3",
      "resolved": "https://registry.npmjs.org/@barba/core/-/core-2.10.3.tgz",
      "integrity": "sha512-ovVeT1wUcdMg8Lu6Iel6yEBW2+s6iA7qfRLCVKTSIfJU9csiawU0UOmVJdcoy3WNOsF2Ur9UfoTUC9aDcm4c0w==",
      "dependencies": {
        "is-promise": "^4.0.0",
        "path-to-regexp": "^6.2.2"
      }
    },
    "node_modules/gsap": {
      "version": "3.12.5",
      "resolved": "https://registry.npmjs.org/gsap/-/gsap-3.12.5.tgz",
      "integrity": "sha512-srBfnk4n+Oe/ZnMIOXt3gT605BX9x5+rh/prT2F1SsNJsU1XuMiP0E2aptW481OnonOGACZWBqseH5Z7csHxhQ=="
    },
    "node_modules/is-promise": {
      "version": "4.0.0",
      "resolved": "https://registry.npmjs.org/is-promise/-/is-promise-4.0.0.tgz",
      "integrity": "sha512-hvpoI6korhJMnej285dSg6nu1+e6uxs7zG3BYAm5byqDsgJNWwxzM6z6iZiAgQR4TJ30JmBTOwqZUw3WlyH3AQ=="
    },
    "node_modules/path-to-regexp": {
      "version": "6.2.2",
      "resolved": "https://registry.npmjs.org/path-to-regexp/-/path-to-regexp-6.2.2.tgz",
      "integrity": "sha512-GQX3SSMokngb36+whdpRXE+3f9V8UzyAorlYvOGx87ufGHehNTn5lCxrKtLyZ4Yl/wEKnNnr98ZzOwwDZV5ogw=="
    }
  }
}
